
Microsoft Visual Studio Solution File, Format Version 12.00
# Visual Studio Version 16
VisualStudioVersion = 16.0.31702.278
MinimumVisualStudioVersion = 10.0.40219.1
Project("{FAE04EC0-301F-11D3-BF4B-00C04F79EFBC}") = "FacialReader", "FacialReader\FacialReader.csproj", "{63873B5E-2638-4A8D-A7E4-8EF32208AF8C}"
EndProject
Global
	GlobalSection(SolutionConfigurationPlatforms) = preSolution
		Debug|Any CPU = Debug|Any CPU
		Release|Any CPU = Release|Any CPU
	EndGlobalSection
	GlobalSection(ProjectConfigurationPlatforms) = postSolution
		{63873B5E-2638-4A8D-A7E4-8EF32208AF8C}.Debug|Any CPU.ActiveCfg = Debug|Any CPU
		{63873B5E-2638-4A8D-A7E4-8EF32208AF8C}.Debug|Any CPU.Build.0 = Debug|Any CPU
		{63873B5E-2638-4A8D-A7E4-8EF32208AF8C}.Release|Any CPU.ActiveCfg = Release|Any CPU
		{63873B5E-2638-4A8D-A7E4-8EF32208AF8C}.Release|Any CPU.Build.0 = Release|Any CPU
	EndGlobalSection
	GlobalSection(SolutionProperties) = preSolution
		HideSolutionNode = FALSE
	EndGlobalSection
	GlobalSection(ExtensibilityGlobals) = postSolution
		SolutionGuid = {2A217F75-2A23-4F60-A1B6-8EA9B23D2F7A}
	EndGlobalSection
EndGlobal
